// !$*UTF8*$!
{
	archiveVersion = 1;
	classes = {
	};
	objectVersion = 77;
	objects = {

/* Begin PBXBuildFile section */
		79D457AD2FFC0AB300C1F204 /* AppDelegate.swift in Sources */ = {isa = PBXBuildFile; fileRef = 79D457AC2FFC0AB300C1F204 /* AppDelegate.swift */; };
		79D457B12FFC0AB300C1F204 /* Main.html in Resources */ = {isa = PBXBuildFile; fileRef = 79D457AF2FFC0AB300C1F204 /* Main.html */; };
		79D457B32FFC0AB300C1F204 /* Icon.png in Resources */ = {isa = PBXBuildFile; fileRef = 79D457B22FFC0AB300C1F204 /* Icon.png */; };
		79D457B52FFC0AB300C1F204 /* Style.css in Resources */ = {isa = PBXBuildFile; fileRef = 79D457B42FFC0AB300C1F204 /* Style.css */; };
		79D457B72FFC0AB300C1F204 /* Script.js in Resources */ = {isa = PBXBuildFile; fileRef = 79D457B62FFC0AB300C1F204 /* Script.js */; };
		79D457B92FFC0AB300C1F204 /* ViewController.swift in Sources */ = {isa = PBXBuildFile; fileRef = 79D457B82FFC0AB300C1F204 /* ViewController.swift */; };
		79D457BC2FFC0AB300C1F204 /* Main.storyboard in Resources */ = {isa = PBXBuildFile; fileRef = 79D457BA2FFC0AB300C1F204 /* Main.storyboard */; };
		79D457BE2FFC0AB400C1F204 /* Assets.xcassets in Resources */ = {isa = PBXBuildFile; fileRef = 79D457BD2FFC0AB400C1F204 /* Assets.xcassets */; };
		79D457C52FFC0AB400C1F204 /* RTL Research Sync Extension.appex in Embed Foundation Extensions */ = {isa = PBXBuildFile; fileRef = 79D457C42FFC0AB400C1F204 /* RTL Research Sync Extension.appex */; settings = {ATTRIBUTES = (RemoveHeadersOnCopy, ); }; };
		79D457CA2FFC0AB400C1F204 /* SafariWebExtensionHandler.swift in Sources */ = {isa = PBXBuildFile; fileRef = 79D457C92FFC0AB400C1F204 /* SafariWebExtensionHandler.swift */; };
		79D457E12FFC0AB400C1F204 /* popup.js in Resources */ = {isa = PBXBuildFile; fileRef = 79D457D62FFC0AB400C1F204 /* popup.js */; };
		79D457E22FFC0AB400C1F204 /* offline.js in Resources */ = {isa = PBXBuildFile; fileRef = 79D457D72FFC0AB400C1F204 /* offline.js */; };
		79D457E32FFC0AB400C1F204 /* background.js in Resources */ = {isa = PBXBuildFile; fileRef = 79D457D82FFC0AB400C1F204 /* background.js */; };
		79D457E42FFC0AB400C1F204 /* reader.css in Resources */ = {isa = PBXBuildFile; fileRef = 79D457D92FFC0AB400C1F204 /* reader.css */; };
		79D457E52FFC0AB400C1F204 /* popup.html in Resources */ = {isa = PBXBuildFile; fileRef = 79D457DA2FFC0AB400C1F204 /* popup.html */; };
		79D457E62FFC0AB400C1F204 /* reader.html in Resources */ = {isa = PBXBuildFile; fileRef = 79D457DB2FFC0AB400C1F204 /* reader.html */; };
		79D457E72FFC0AB400C1F204 /* icons in Resources */ = {isa = PBXBuildFile; fileRef = 79D457DC2FFC0AB400C1F204 /* icons */; };
		79D457E82FFC0AB400C1F204 /* manifest.json in Resources */ = {isa = PBXBuildFile; fileRef = 79D457DD2FFC0AB400C1F204 /* manifest.json */; };
		79D457E92FFC0AB400C1F204 /* popup.css in Resources */ = {isa = PBXBuildFile; fileRef = 79D457DE2FFC0AB400C1F204 /* popup.css */; };
		79D457EA2FFC0AB400C1F204 /* reader.js in Resources */ = {isa = PBXBuildFile; fileRef = 79D457DF2FFC0AB400C1F204 /* reader.js */; };
		79D457EB2FFC0AB400C1F204 /* vendor in Resources */ = {isa = PBXBuildFile; fileRef = 79D457E02FFC0AB400C1F204 /* vendor */; };
/* End PBXBuildFile section */

/* Begin PBXContainerItemProxy section */
		79D457C62FFC0AB400C1F204 /* PBXContainerItemProxy */ = {
			isa = PBXContainerItemProxy;
			containerPortal = 79D457A12FFC0AB300C1F204 /* Project object */;
			proxyType = 1;
			remoteGlobalIDString = 79D457C32FFC0AB400C1F204;
			remoteInfo = "RTL Research Sync Extension";
		};
/* End PBXContainerItemProxy section */

/* Begin PBXCopyFilesBuildPhase section */
		79D457D12FFC0AB400C1F204 /* Embed Foundation Extensions */ = {
			isa = PBXCopyFilesBuildPhase;
			buildActionMask = 2147483647;
			dstPath = "";
			dstSubfolderSpec = 13;
			files = (
				79D457C52FFC0AB400C1F204 /* RTL Research Sync Extension.appex in Embed Foundation Extensions */,
			);
			name = "Embed Foundation Extensions";
			runOnlyForDeploymentPostprocessing = 0;
		};
/* End PBXCopyFilesBuildPhase section */

/* Begin PBXFileReference section */
		79D457A92FFC0AB300C1F204 /* RTL Research Sync.app */ = {isa = PBXFileReference; explicitFileType = wrapper.application; includeInIndex = 0; path = "RTL Research Sync.app"; sourceTree = BUILT_PRODUCTS_DIR; };
		79D457AC2FFC0AB300C1F204 /* AppDelegate.swift */ = {isa = PBXFileReference; lastKnownFileType = sourcecode.swift; path = AppDelegate.swift; sourceTree = "<group>"; };
		79D457B02FFC0AB300C1F204 /* Base */ = {isa = PBXFileReference; lastKnownFileType = text.html; name = Base; path = Base.lproj/Main.html; sourceTree = "<group>"; };
		79D457B22FFC0AB300C1F204 /* Icon.png */ = {isa = PBXFileReference; lastKnownFileType = image.png; path = Icon.png; sourceTree = "<group>"; };
		79D457B42FFC0AB300C1F204 /* Style.css */ = {isa = PBXFileReference; lastKnownFileType = text.css; path = Style.css; sourceTree = "<group>"; };
		79D457B62FFC0AB300C1F204 /* Script.js */ = {isa = PBXFileReference; lastKnownFileType = sourcecode.javascript; path = Script.js; sourceTree = "<group>"; };
		79D457B82FFC0AB300C1F204 /* ViewController.swift */ = {isa = PBXFileReference; lastKnownFileType = sourcecode.swift; path = ViewController.swift; sourceTree = "<group>"; };
		79D457BB2FFC0AB300C1F204 /* Base */ = {isa = PBXFileReference; lastKnownFileType = file.storyboard; name = Base; path = Base.lproj/Main.storyboard; sourceTree = "<group>"; };
		79D457BD2FFC0AB400C1F204 /* Assets.xcassets */ = {isa = PBXFileReference; lastKnownFileType = folder.assetcatalog; path = Assets.xcassets; sourceTree = "<group>"; };
		79D457BF2FFC0AB400C1F204 /* Info.plist */ = {isa = PBXFileReference; lastKnownFileType = text.plist.xml; path = Info.plist; sourceTree = "<group>"; };
		79D457C42FFC0AB400C1F204 /* RTL Research Sync Extension.appex */ = {isa = PBXFileReference; explicitFileType = "wrapper.app-extension"; includeInIndex = 0; path = "RTL Research Sync Extension.appex"; sourceTree = BUILT_PRODUCTS_DIR; };
		79D457C92FFC0AB400C1F204 /* SafariWebExtensionHandler.swift */ = {isa = PBXFileReference; lastKnownFileType = sourcecode.swift; path = SafariWebExtensionHandler.swift; sourceTree = "<group>"; };
		79D457CB2FFC0AB400C1F204 /* Info.plist */ = {isa = PBXFileReference; lastKnownFileType = text.plist.xml; path = Info.plist; sourceTree = "<group>"; };
		79D457D62FFC0AB400C1F204 /* popup.js */ = {isa = PBXFileReference; lastKnownFileType = sourcecode.javascript; name = popup.js; path = Resources/popup.js; sourceTree = "<group>"; };
		79D457D72FFC0AB400C1F204 /* offline.js */ = {isa = PBXFileReference; lastKnownFileType = sourcecode.javascript; name = offline.js; path = Resources/offline.js; sourceTree = "<group>"; };
		79D457D82FFC0AB400C1F204 /* background.js */ = {isa = PBXFileReference; lastKnownFileType = sourcecode.javascript; name = background.js; path = Resources/background.js; sourceTree = "<group>"; };
		79D457D92FFC0AB400C1F204 /* reader.css */ = {isa = PBXFileReference; lastKnownFileType = text.css; name = reader.css; path = Resources/reader.css; sourceTree = "<group>"; };
		79D457DA2FFC0AB400C1F204 /* popup.html */ = {isa = PBXFileReference; lastKnownFileType = text.html; name = popup.html; path = Resources/popup.html; sourceTree = "<group>"; };
		79D457DB2FFC0AB400C1F204 /* reader.html */ = {isa = PBXFileReference; lastKnownFileType = text.html; name = reader.html; path = Resources/reader.html; sourceTree = "<group>"; };
		79D457DC2FFC0AB400C1F204 /* icons */ = {isa = PBXFileReference; lastKnownFileType = folder; name = icons; path = Resources/icons; sourceTree = "<group>"; };
		79D457DD2FFC0AB400C1F204 /* manifest.json */ = {isa = PBXFileReference; lastKnownFileType = text.json; name = manifest.json; path = Resources/manifest.json; sourceTree = "<group>"; };
		79D457DE2FFC0AB400C1F204 /* popup.css */ = {isa = PBXFileReference; lastKnownFileType = text.css; name = popup.css; path = Resources/popup.css; sourceTree = "<group>"; };
		79D457DF2FFC0AB400C1F204 /* reader.js */ = {isa = PBXFileReference; lastKnownFileType = sourcecode.javascript; name = reader.js; path = Resources/reader.js; sourceTree = "<group>"; };
		79D457E02FFC0AB400C1F204 /* vendor */ = {isa = PBXFileReference; lastKnownFileType = folder; name = vendor; path = Resources/vendor; sourceTree = "<group>"; };
/* End PBXFileReference section */

/* Begin PBXFrameworksBuildPhase section */
		79D457A62FFC0AB300C1F204 /* Frameworks */ = {
			isa = PBXFrameworksBuildPhase;
			buildActionMask = 2147483647;
			files = (
			);
			runOnlyForDeploymentPostprocessing = 0;
		};
		79D457C12FFC0AB400C1F204 /* Frameworks */ = {
			isa = PBXFrameworksBuildPhase;
			buildActionMask = 2147483647;
			files = (
			);
			runOnlyForDeploymentPostprocessing = 0;
		};
/* End PBXFrameworksBuildPhase section */

/* Begin PBXGroup section */
		79D457A02FFC0AB300C1F204 = {
			isa = PBXGroup;
			children = (
				79D457AB2FFC0AB300C1F204 /* RTL Research Sync */,
				79D457C82FFC0AB400C1F204 /* RTL Research Sync Extension */,
				79D457AA2FFC0AB300C1F204 /* Products */,
			);
			sourceTree = "<group>";
		};
		79D457AA2FFC0AB300C1F204 /* Products */ = {
			isa = PBXGroup;
			children = (
				79D457A92FFC0AB300C1F204 /* RTL Research Sync.app */,
				79D457C42FFC0AB400C1F204 /* RTL Research Sync Extension.appex */,
			);
			name = Products;
			sourceTree = "<group>";
		};
		79D457AB2FFC0AB300C1F204 /* RTL Research Sync */ = {
			isa = PBXGroup;
			children = (
				79D457AC2FFC0AB300C1F204 /* AppDelegate.swift */,
				79D457B82FFC0AB300C1F204 /* ViewController.swift */,
				79D457BA2FFC0AB300C1F204 /* Main.storyboard */,
				79D457BD2FFC0AB400C1F204 /* Assets.xcassets */,
				79D457BF2FFC0AB400C1F204 /* Info.plist */,
				79D457AE2FFC0AB300C1F204 /* Resources */,
			);
			path = "RTL Research Sync";
			sourceTree = "<group>";
		};
		79D457AE2FFC0AB300C1F204 /* Resources */ = {
			isa = PBXGroup;
			children = (
				79D457AF2FFC0AB300C1F204 /* Main.html */,
				79D457B22FFC0AB300C1F204 /* Icon.png */,
				79D457B42FFC0AB300C1F204 /* Style.css */,
				79D457B62FFC0AB300C1F204 /* Script.js */,
			);
			path = Resources;
			sourceTree = "<group>";
		};
		79D457C82FFC0AB400C1F204 /* RTL Research Sync Extension */ = {
			isa = PBXGroup;
			children = (
				79D457D52FFC0AB400C1F204 /* Resources */,
				79D457C92FFC0AB400C1F204 /* SafariWebExtensionHandler.swift */,
				79D457CB2FFC0AB400C1F204 /* Info.plist */,
			);
			path = "RTL Research Sync Extension";
			sourceTree = "<group>";
		};
		79D457D52FFC0AB400C1F204 /* Resources */ = {
			isa = PBXGroup;
			children = (
				79D457D62FFC0AB400C1F204 /* popup.js */,
				79D457D72FFC0AB400C1F204 /* offline.js */,
				79D457D82FFC0AB400C1F204 /* background.js */,
				79D457D92FFC0AB400C1F204 /* reader.css */,
				79D457DA2FFC0AB400C1F204 /* popup.html */,
				79D457DB2FFC0AB400C1F204 /* reader.html */,
				79D457DC2FFC0AB400C1F204 /* icons */,
				79D457DD2FFC0AB400C1F204 /* manifest.json */,
				79D457DE2FFC0AB400C1F204 /* popup.css */,
				79D457DF2FFC0AB400C1F204 /* reader.js */,
				79D457E02FFC0AB400C1F204 /* vendor */,
			);
			name = Resources;
			path = "RTL Research Sync Extension";
			sourceTree = SOURCE_ROOT;
		};
/* End PBXGroup section */

/* Begin PBXNativeTarget section */
		79D457A82FFC0AB300C1F204 /* RTL Research Sync */ = {
			isa = PBXNativeTarget;
			buildConfigurationList = 79D457D22FFC0AB400C1F204 /* Build configuration list for PBXNativeTarget "RTL Research Sync" */;
			buildPhases = (
				79D457A52FFC0AB300C1F204 /* Sources */,
				79D457A62FFC0AB300C1F204 /* Frameworks */,
				79D457A72FFC0AB300C1F204 /* Resources */,
				79D457D12FFC0AB400C1F204 /* Embed Foundation Extensions */,
			);
			buildRules = (
			);
			dependencies = (
				79D457C72FFC0AB400C1F204 /* PBXTargetDependency */,
			);
			name = "RTL Research Sync";
			productName = "RTL Research Sync";
			productReference = 79D457A92FFC0AB300C1F204 /* RTL Research Sync.app */;
			productType = "com.apple.product-type.application";
		};
		79D457C32FFC0AB400C1F204 /* RTL Research Sync Extension */ = {
			isa = PBXNativeTarget;
			buildConfigurationList = 79D457CE2FFC0AB400C1F204 /* Build configuration list for PBXNativeTarget "RTL Research Sync Extension" */;
			buildPhases = (
				79D457C02FFC0AB400C1F204 /* Sources */,
				79D457C12FFC0AB400C1F204 /* Frameworks */,
				79D457C22FFC0AB400C1F204 /* Resources */,
			);
			buildRules = (
			);
			dependencies = (
			);
			name = "RTL Research Sync Extension";
			productName = "RTL Research Sync Extension";
			productReference = 79D457C42FFC0AB400C1F204 /* RTL Research Sync Extension.appex */;
			productType = "com.apple.product-type.app-extension";
		};
/* End PBXNativeTarget section */

/* Begin PBXProject section */
		79D457A12FFC0AB300C1F204 /* Project object */ = {
			isa = PBXProject;
			attributes = {
				BuildIndependentTargetsInParallel = 1;
				LastSwiftUpdateCheck = 2650;
				LastUpgradeCheck = 2650;
				TargetAttributes = {
					79D457A82FFC0AB300C1F204 = {
						CreatedOnToolsVersion = 26.5;
					};
					79D457C32FFC0AB400C1F204 = {
						CreatedOnToolsVersion = 26.5;
					};
				};
			};
			buildConfigurationList = 79D457A42FFC0AB300C1F204 /* Build configuration list for PBXProject "RTL Research Sync" */;
			developmentRegion = en;
			hasScannedForEncodings = 0;
			knownRegions = (
				en,
				Base,
			);
			mainGroup = 79D457A02FFC0AB300C1F204;
			minimizedProjectReferenceProxies = 1;
			preferredProjectObjectVersion = 77;
			productRefGroup = 79D457AA2FFC0AB300C1F204 /* Products */;
			projectDirPath = "";
			projectRoot = "";
			targets = (
				79D457A82FFC0AB300C1F204 /* RTL Research Sync */,
				79D457C32FFC0AB400C1F204 /* RTL Research Sync Extension */,
			);
		};
/* End PBXProject section */

/* Begin PBXResourcesBuildPhase section */
		79D457A72FFC0AB300C1F204 /* Resources */ = {
			isa = PBXResourcesBuildPhase;
			buildActionMask = 2147483647;
			files = (
				79D457B32FFC0AB300C1F204 /* Icon.png in Resources */,
				79D457BC2FFC0AB300C1F204 /* Main.storyboard in Resources */,
				79D457B72FFC0AB300C1F204 /* Script.js in Resources */,
				79D457B12FFC0AB300C1F204 /* Main.html in Resources */,
				79D457BE2FFC0AB400C1F204 /* Assets.xcassets in Resources */,
				79D457B52FFC0AB300C1F204 /* Style.css in Resources */,
			);
			runOnlyForDeploymentPostprocessing = 0;
		};
		79D457C22FFC0AB400C1F204 /* Resources */ = {
			isa = PBXResourcesBuildPhase;
			buildActionMask = 2147483647;
			files = (
				79D457E42FFC0AB400C1F204 /* reader.css in Resources */,
				79D457E62FFC0AB400C1F204 /* reader.html in Resources */,
				79D457E52FFC0AB400C1F204 /* popup.html in Resources */,
				79D457EB2FFC0AB400C1F204 /* vendor in Resources */,
				79D457EA2FFC0AB400C1F204 /* reader.js in Resources */,
				79D457E22FFC0AB400C1F204 /* offline.js in Resources */,
				79D457E82FFC0AB400C1F204 /* manifest.json in Resources */,
				79D457E92FFC0AB400C1F204 /* popup.css in Resources */,
				79D457E32FFC0AB400C1F204 /* background.js in Resources */,
				79D457E72FFC0AB400C1F204 /* icons in Resources */,
				79D457E12FFC0AB400C1F204 /* popup.js in Resources */,
			);
			runOnlyForDeploymentPostprocessing = 0;
		};
/* End PBXResourcesBuildPhase section */

/* Begin PBXSourcesBuildPhase section */
		79D457A52FFC0AB300C1F204 /* Sources */ = {
			isa = PBXSourcesBuildPhase;
			buildActionMask = 2147483647;
			files = (
				79D457B92FFC0AB300C1F204 /* ViewController.swift in Sources */,
				79D457AD2FFC0AB300C1F204 /* AppDelegate.swift in Sources */,
			);
			runOnlyForDeploymentPostprocessing = 0;
		};
		79D457C02FFC0AB400C1F204 /* Sources */ = {
			isa = PBXSourcesBuildPhase;
			buildActionMask = 2147483647;
			files = (
				79D457CA2FFC0AB400C1F204 /* SafariWebExtensionHandler.swift in Sources */,
			);
			runOnlyForDeploymentPostprocessing = 0;
		};
/* End PBXSourcesBuildPhase section */

/* Begin PBXTargetDependency section */
		79D457C72FFC0AB400C1F204 /* PBXTargetDependency */ = {
			isa = PBXTargetDependency;
			target = 79D457C32FFC0AB400C1F204 /* RTL Research Sync Extension */;
			targetProxy = 79D457C62FFC0AB400C1F204 /* PBXContainerItemProxy */;
		};
/* End PBXTargetDependency section */

/* Begin PBXVariantGroup section */
		79D457AF2FFC0AB300C1F204 /* Main.html */ = {
			isa = PBXVariantGroup;
			children = (
				79D457B02FFC0AB300C1F204 /* Base */,
			);
			name = Main.html;
			sourceTree = "<group>";
		};
		79D457BA2FFC0AB300C1F204 /* Main.storyboard */ = {
			isa = PBXVariantGroup;
			children = (
				79D457BB2FFC0AB300C1F204 /* Base */,
			);
			name = Main.storyboard;
			sourceTree = "<group>";
		};
/* End PBXVariantGroup section */

/* Begin XCBuildConfiguration section */
		79D457CC2FFC0AB400C1F204 /* Debug */ = {
			isa = XCBuildConfiguration;
			buildSettings = {
				ALWAYS_SEARCH_USER_PATHS = NO;
				ASSETCATALOG_COMPILER_GENERATE_SWIFT_ASSET_SYMBOL_EXTENSIONS = YES;
				CLANG_ANALYZER_NONNULL = YES;
				CLANG_ANALYZER_NUMBER_OBJECT_CONVERSION = YES_AGGRESSIVE;
				CLANG_CXX_LANGUAGE_STANDARD = "gnu++20";
				CLANG_ENABLE_MODULES = YES;
				CLANG_ENABLE_OBJC_ARC = YES;
				CLANG_ENABLE_OBJC_WEAK = YES;
				CLANG_WARN_BLOCK_CAPTURE_AUTORELEASING = YES;
				CLANG_WARN_BOOL_CONVERSION = YES;
				CLANG_WARN_COMMA = YES;
				CLANG_WARN_CONSTANT_CONVERSION = YES;
				CLANG_WARN_DEPRECATED_OBJC_IMPLEMENTATIONS = YES;
				CLANG_WARN_DIRECT_OBJC_ISA_USAGE = YES_ERROR;
				CLANG_WARN_DOCUMENTATION_COMMENTS = YES;
				CLANG_WARN_EMPTY_BODY = YES;
				CLANG_WARN_ENUM_CONVERSION = YES;
				CLANG_WARN_INFINITE_RECURSION = YES;
				CLANG_WARN_INT_CONVERSION = YES;
				CLANG_WARN_NON_LITERAL_NULL_CONVERSION = YES;
				CLANG_WARN_OBJC_IMPLICIT_RETAIN_SELF = YES;
				CLANG_WARN_OBJC_LITERAL_CONVERSION = YES;
				CLANG_WARN_OBJC_ROOT_CLASS = YES_ERROR;
				CLANG_WARN_QUOTED_INCLUDE_IN_FRAMEWORK_HEADER = YES;
				CLANG_WARN_RANGE_LOOP_ANALYSIS = YES;
				CLANG_WARN_STRICT_PROTOTYPES = YES;
				CLANG_WARN_SUSPICIOUS_MOVE = YES;
				CLANG_WARN_UNGUARDED_AVAILABILITY = YES_AGGRESSIVE;
				CLANG_WARN_UNREACHABLE_CODE = YES;
				CLANG_WARN__DUPLICATE_METHOD_MATCH = YES;
				COPY_PHASE_STRIP = NO;
				DEBUG_INFORMATION_FORMAT = dwarf;
				ENABLE_STRICT_OBJC_MSGSEND = YES;
				ENABLE_TESTABILITY = YES;
				ENABLE_USER_SCRIPT_SANDBOXING = YES;
				GCC_C_LANGUAGE_STANDARD = gnu17;
				GCC_DYNAMIC_NO_PIC = NO;
				GCC_NO_COMMON_BLOCKS = YES;
				GCC_OPTIMIZATION_LEVEL = 0;
				GCC_PREPROCESSOR_DEFINITIONS = (
					"DEBUG=1",
					"$(inherited)",
				);
				GCC_WARN_64_TO_32_BIT_CONVERSION = YES;
				GCC_WARN_ABOUT_RETURN_TYPE = YES_ERROR;
				GCC_WARN_UNDECLARED_SELECTOR = YES;
				GCC_WARN_UNINITIALIZED_AUTOS = YES_AGGRESSIVE;
				GCC_WARN_UNUSED_FUNCTION = YES;
				GCC_WARN_UNUSED_VARIABLE = YES;
				LOCALIZATION_PREFERS_STRING_CATALOGS = YES;
				MACOSX_DEPLOYMENT_TARGET = 12.0;
				MTL_ENABLE_DEBUG_INFO = INCLUDE_SOURCE;
				MTL_FAST_MATH = YES;
				ONLY_ACTIVE_ARCH = YES;
				SDKROOT = macosx;
				SWIFT_ACTIVE_COMPILATION_CONDITIONS = "DEBUG $(inherited)";
				SWIFT_OPTIMIZATION_LEVEL = "-Onone";
			};
			name = Debug;
		};
		79D457CD2FFC0AB400C1F204 /* Release */ = {
			isa = XCBuildConfiguration;
			buildSettings = {
				ALWAYS_SEARCH_USER_PATHS = NO;
				ASSETCATALOG_COMPILER_GENERATE_SWIFT_ASSET_SYMBOL_EXTENSIONS = YES;
				CLANG_ANALYZER_NONNULL = YES;
				CLANG_ANALYZER_NUMBER_OBJECT_CONVERSION = YES_AGGRESSIVE;
				CLANG_CXX_LANGUAGE_STANDARD = "gnu++20";
				CLANG_ENABLE_MODULES = YES;
				CLANG_ENABLE_OBJC_ARC = YES;
				CLANG_ENABLE_OBJC_WEAK = YES;
				CLANG_WARN_BLOCK_CAPTURE_AUTORELEASING = YES;
				CLANG_WARN_BOOL_CONVERSION = YES;
				CLANG_WARN_COMMA = YES;
				CLANG_WARN_CONSTANT_CONVERSION = YES;
				CLANG_WARN_DEPRECATED_OBJC_IMPLEMENTATIONS = YES;
				CLANG_WARN_DIRECT_OBJC_ISA_USAGE = YES_ERROR;
				CLANG_WARN_DOCUMENTATION_COMMENTS = YES;
				CLANG_WARN_EMPTY_BODY = YES;
				CLANG_WARN_ENUM_CONVERSION = YES;
				CLANG_WARN_INFINITE_RECURSION = YES;
				CLANG_WARN_INT_CONVERSION = YES;
				CLANG_WARN_NON_LITERAL_NULL_CONVERSION = YES;
				CLANG_WARN_OBJC_IMPLICIT_RETAIN_SELF = YES;
				CLANG_WARN_OBJC_LITERAL_CONVERSION = YES;
				CLANG_WARN_OBJC_ROOT_CLASS = YES_ERROR;
				CLANG_WARN_QUOTED_INCLUDE_IN_FRAMEWORK_HEADER = YES;
				CLANG_WARN_RANGE_LOOP_ANALYSIS = YES;
				CLANG_WARN_STRICT_PROTOTYPES = YES;
				CLANG_WARN_SUSPICIOUS_MOVE = YES;
				CLANG_WARN_UNGUARDED_AVAILABILITY = YES_AGGRESSIVE;
				CLANG_WARN_UNREACHABLE_CODE = YES;
				CLANG_WARN__DUPLICATE_METHOD_MATCH = YES;
				COPY_PHASE_STRIP = NO;
				DEBUG_INFORMATION_FORMAT = "dwarf-with-dsym";
				ENABLE_NS_ASSERTIONS = NO;
				ENABLE_STRICT_OBJC_MSGSEND = YES;
				ENABLE_USER_SCRIPT_SANDBOXING = YES;
				GCC_C_LANGUAGE_STANDARD = gnu17;
				GCC_NO_COMMON_BLOCKS = YES;
				GCC_WARN_64_TO_32_BIT_CONVERSION = YES;
				GCC_WARN_ABOUT_RETURN_TYPE = YES_ERROR;
				GCC_WARN_UNDECLARED_SELECTOR = YES;
				GCC_WARN_UNINITIALIZED_AUTOS = YES_AGGRESSIVE;
				GCC_WARN_UNUSED_FUNCTION = YES;
				GCC_WARN_UNUSED_VARIABLE = YES;
				LOCALIZATION_PREFERS_STRING_CATALOGS = YES;
				MACOSX_DEPLOYMENT_TARGET = 12.0;
				MTL_ENABLE_DEBUG_INFO = NO;
				MTL_FAST_MATH = YES;
				SDKROOT = macosx;
				SWIFT_COMPILATION_MODE = wholemodule;
			};
			name = Release;
		};
		79D457CF2FFC0AB400C1F204 /* Debug */ = {
			isa = XCBuildConfiguration;
			buildSettings = {
				CODE_SIGN_STYLE = Automatic;
				CURRENT_PROJECT_VERSION = 1;
				DEVELOPMENT_TEAM = 95E9CZ9HW6;
				ENABLE_APP_SANDBOX = YES;
				ENABLE_HARDENED_RUNTIME = YES;
				ENABLE_USER_SELECTED_FILES = readonly;
				GENERATE_INFOPLIST_FILE = YES;
				INFOPLIST_FILE = "RTL Research Sync Extension/Info.plist";
				INFOPLIST_KEY_CFBundleDisplayName = "Research Sync Extension";
				INFOPLIST_KEY_NSHumanReadableCopyright = "";
				LD_RUNPATH_SEARCH_PATHS = (
					"$(inherited)",
					"@executable_path/../Frameworks",
					"@executable_path/../../../../Frameworks",
				);
				MACOSX_DEPLOYMENT_TARGET = 12.0;
				MARKETING_VERSION = 2.2;
				OTHER_LDFLAGS = (
					"-framework",
					SafariServices,
				);
				PRODUCT_BUNDLE_IDENTIFIER = "com.mdshear.ReadLater.safari-mac.Extension";
				PRODUCT_NAME = "Research Sync Extension";
				SKIP_INSTALL = YES;
				STRING_CATALOG_GENERATE_SYMBOLS = YES;
				SWIFT_APPROACHABLE_CONCURRENCY = YES;
				SWIFT_EMIT_LOC_STRINGS = YES;
				SWIFT_UPCOMING_FEATURE_MEMBER_IMPORT_VISIBILITY = YES;
				SWIFT_VERSION = 5.0;
			};
			name = Debug;
		};
		79D457D02FFC0AB400C1F204 /* Release */ = {
			isa = XCBuildConfiguration;
			buildSettings = {
				CODE_SIGN_STYLE = Automatic;
				CURRENT_PROJECT_VERSION = 1;
				DEVELOPMENT_TEAM = 95E9CZ9HW6;
				ENABLE_APP_SANDBOX = YES;
				ENABLE_HARDENED_RUNTIME = YES;
				ENABLE_USER_SELECTED_FILES = readonly;
				GENERATE_INFOPLIST_FILE = YES;
				INFOPLIST_FILE = "RTL Research Sync Extension/Info.plist";
				INFOPLIST_KEY_CFBundleDisplayName = "Research Sync Extension";
				INFOPLIST_KEY_NSHumanReadableCopyright = "";
				LD_RUNPATH_SEARCH_PATHS = (
					"$(inherited)",
					"@executable_path/../Frameworks",
					"@executable_path/../../../../Frameworks",
				);
				MACOSX_DEPLOYMENT_TARGET = 12.0;
				MARKETING_VERSION = 2.2;
				OTHER_LDFLAGS = (
					"-framework",
					SafariServices,
				);
				PRODUCT_BUNDLE_IDENTIFIER = "com.mdshear.ReadLater.safari-mac.Extension";
				PRODUCT_NAME = "Research Sync Extension";
				SKIP_INSTALL = YES;
				STRING_CATALOG_GENERATE_SYMBOLS = YES;
				SWIFT_APPROACHABLE_CONCURRENCY = YES;
				SWIFT_EMIT_LOC_STRINGS = YES;
				SWIFT_UPCOMING_FEATURE_MEMBER_IMPORT_VISIBILITY = YES;
				SWIFT_VERSION = 5.0;
			};
			name = Release;
		};
		79D457D32FFC0AB400C1F204 /* Debug */ = {
			isa = XCBuildConfiguration;
			buildSettings = {
				ASSETCATALOG_COMPILER_APPICON_NAME = AppIcon;
				ASSETCATALOG_COMPILER_GLOBAL_ACCENT_COLOR_NAME = AccentColor;
				"CODE_SIGN_IDENTITY[sdk=macosx*]" = "Apple Development";
				CODE_SIGN_STYLE = Automatic;
				COMBINE_HIDPI_IMAGES = YES;
				CURRENT_PROJECT_VERSION = 1;
				DEVELOPMENT_TEAM = 95E9CZ9HW6;
				ENABLE_APP_SANDBOX = YES;
				ENABLE_HARDENED_RUNTIME = YES;
				ENABLE_OUTGOING_NETWORK_CONNECTIONS = YES;
				ENABLE_USER_SELECTED_FILES = readonly;
				GENERATE_INFOPLIST_FILE = YES;
				INFOPLIST_FILE = "RTL Research Sync/Info.plist";
				INFOPLIST_KEY_CFBundleDisplayName = "Research Sync";
				INFOPLIST_KEY_LSApplicationCategoryType = "public.app-category.productivity";
				INFOPLIST_KEY_NSHumanReadableCopyright = "";
				INFOPLIST_KEY_NSMainStoryboardFile = Main;
				INFOPLIST_KEY_NSPrincipalClass = NSApplication;
				LD_RUNPATH_SEARCH_PATHS = (
					"$(inherited)",
					"@executable_path/../Frameworks",
				);
				MARKETING_VERSION = 2.2;
				OTHER_LDFLAGS = (
					"-framework",
					SafariServices,
					"-framework",
					WebKit,
				);
				PRODUCT_BUNDLE_IDENTIFIER = "com.mdshear.ReadLater.safari-mac";
				PRODUCT_NAME = "Research Sync";
				REGISTER_APP_GROUPS = NO;
				STRING_CATALOG_GENERATE_SYMBOLS = YES;
				SWIFT_APPROACHABLE_CONCURRENCY = YES;
				SWIFT_DEFAULT_ACTOR_ISOLATION = MainActor;
				SWIFT_EMIT_LOC_STRINGS = YES;
				SWIFT_UPCOMING_FEATURE_MEMBER_IMPORT_VISIBILITY = YES;
				SWIFT_VERSION = 5.0;
			};
			name = Debug;
		};
		79D457D42FFC0AB400C1F204 /* Release */ = {
			isa = XCBuildConfiguration;
			buildSettings = {
				ASSETCATALOG_COMPILER_APPICON_NAME = AppIcon;
				ASSETCATALOG_COMPILER_GLOBAL_ACCENT_COLOR_NAME = AccentColor;
				"CODE_SIGN_IDENTITY[sdk=macosx*]" = "Apple Development";
				CODE_SIGN_STYLE = Automatic;
				COMBINE_HIDPI_IMAGES = YES;
				CURRENT_PROJECT_VERSION = 1;
				DEVELOPMENT_TEAM = 95E9CZ9HW6;
				ENABLE_APP_SANDBOX = YES;
				ENABLE_HARDENED_RUNTIME = YES;
				ENABLE_OUTGOING_NETWORK_CONNECTIONS = YES;
				ENABLE_USER_SELECTED_FILES = readonly;
				GENERATE_INFOPLIST_FILE = YES;
				INFOPLIST_FILE = "RTL Research Sync/Info.plist";
				INFOPLIST_KEY_CFBundleDisplayName = "Research Sync";
				INFOPLIST_KEY_LSApplicationCategoryType = "public.app-category.productivity";
				INFOPLIST_KEY_NSHumanReadableCopyright = "";
				INFOPLIST_KEY_NSMainStoryboardFile = Main;
				INFOPLIST_KEY_NSPrincipalClass = NSApplication;
				LD_RUNPATH_SEARCH_PATHS = (
					"$(inherited)",
					"@executable_path/../Frameworks",
				);
				MARKETING_VERSION = 2.2;
				OTHER_LDFLAGS = (
					"-framework",
					SafariServices,
					"-framework",
					WebKit,
				);
				PRODUCT_BUNDLE_IDENTIFIER = "com.mdshear.ReadLater.safari-mac";
				PRODUCT_NAME = "Research Sync";
				REGISTER_APP_GROUPS = NO;
				STRING_CATALOG_GENERATE_SYMBOLS = YES;
				SWIFT_APPROACHABLE_CONCURRENCY = YES;
				SWIFT_DEFAULT_ACTOR_ISOLATION = MainActor;
				SWIFT_EMIT_LOC_STRINGS = YES;
				SWIFT_UPCOMING_FEATURE_MEMBER_IMPORT_VISIBILITY = YES;
				SWIFT_VERSION = 5.0;
			};
			name = Release;
		};
/* End XCBuildConfiguration section */

/* Begin XCConfigurationList section */
		79D457A42FFC0AB300C1F204 /* Build configuration list for PBXProject "RTL Research Sync" */ = {
			isa = XCConfigurationList;
			buildConfigurations = (
				79D457CC2FFC0AB400C1F204 /* Debug */,
				79D457CD2FFC0AB400C1F204 /* Release */,
			);
			defaultConfigurationIsVisible = 0;
			defaultConfigurationName = Release;
		};
		79D457CE2FFC0AB400C1F204 /* Build configuration list for PBXNativeTarget "RTL Research Sync Extension" */ = {
			isa = XCConfigurationList;
			buildConfigurations = (
				79D457CF2FFC0AB400C1F204 /* Debug */,
				79D457D02FFC0AB400C1F204 /* Release */,
			);
			defaultConfigurationIsVisible = 0;
			defaultConfigurationName = Release;
		};
		79D457D22FFC0AB400C1F204 /* Build configuration list for PBXNativeTarget "RTL Research Sync" */ = {
			isa = XCConfigurationList;
			buildConfigurations = (
				79D457D32FFC0AB400C1F204 /* Debug */,
				79D457D42FFC0AB400C1F204 /* Release */,
			);
			defaultConfigurationIsVisible = 0;
			defaultConfigurationName = Release;
		};
/* End XCConfigurationList section */
	};
	rootObject = 79D457A12FFC0AB300C1F204 /* Project object */;
}
